
Microsoft Visual Studio Solution File, Format Version 12.00
# Visual Studio Version 16
VisualStudioVersion = 16.0.32126.315
MinimumVisualStudioVersion = 10.0.40219.1
Project("{FAE04EC0-301F-11D3-BF4B-00C04F79EFBC}") = "Server", "Server\Server.csproj", "{04D93AA0-1CCA-40F3-8AD9-2E2478570BE5}"
EndProject
Project("{FAE04EC0-301F-11D3-BF4B-00C04F79EFBC}") = "IntegraSApplication", "IntegraSApplication\IntegraSApplication.csproj", "{65B01F3B-DEA5-4942-86C9-20AB01DDD5C3}"
EndProject
Project("{FAE04EC0-301F-11D3-BF4B-00C04F79EFBC}") = "HttpServerTest", "HttpServerTest\HttpServerTest.csproj", "{486EA999-016A-4D38-BECF-A53CA75F248A}"
EndProject
Global
	GlobalSection(SolutionConfigurationPlatforms) = preSolution
		Debug|Any CPU = Debug|Any CPU
		Release|Any CPU = Release|Any CPU
	EndGlobalSection
	GlobalSection(ProjectConfigurationPlatforms) = postSolution
		{04D93AA0-1CCA-40F3-8AD9-2E2478570BE5}.Debug|Any CPU.ActiveCfg = Debug|Any CPU
		{04D93AA0-1CCA-40F3-8AD9-2E2478570BE5}.Debug|Any CPU.Build.0 = Debug|Any CPU
		{04D93AA0-1CCA-40F3-8AD9-2E2478570BE5}.Release|Any CPU.ActiveCfg = Release|Any CPU
		{04D93AA0-1CCA-40F3-8AD9-2E2478570BE5}.Release|Any CPU.Build.0 = Release|Any CPU
		{65B01F3B-DEA5-4942-86C9-20AB01DDD5C3}.Debug|Any CPU.ActiveCfg = Debug|Any CPU
		{65B01F3B-DEA5-4942-86C9-20AB01DDD5C3}.Debug|Any CPU.Build.0 = Debug|Any CPU
		{65B01F3B-DEA5-4942-86C9-20AB01DDD5C3}.Release|Any CPU.ActiveCfg = Release|Any CPU
		{65B01F3B-DEA5-4942-86C9-20AB01DDD5C3}.Release|Any CPU.Build.0 = Release|Any CPU
		{486EA999-016A-4D38-BECF-A53CA75F248A}.Debug|Any CPU.ActiveCfg = Debug|Any CPU
		{486EA999-016A-4D38-BECF-A53CA75F248A}.Debug|Any CPU.Build.0 = Debug|Any CPU
		{486EA999-016A-4D38-BECF-A53CA75F248A}.Release|Any CPU.ActiveCfg = Release|Any CPU
		{486EA999-016A-4D38-BECF-A53CA75F248A}.Release|Any CPU.Build.0 = Release|Any CPU
	EndGlobalSection
	GlobalSection(SolutionProperties) = preSolution
		HideSolutionNode = FALSE
	EndGlobalSection
	GlobalSection(ExtensibilityGlobals) = postSolution
		SolutionGuid = {3FB77D49-9655-400C-9DB2-64E1EDBAA608}
	EndGlobalSection
EndGlobal
